
Microsoft Visual Studio Solution File, Format Version 12.00
# Visual Studio Version 16
VisualStudioVersion = 16.0.31410.357
MinimumVisualStudioVersion = 10.0.40219.1
Project("{FAE04EC0-301F-11D3-BF4B-00C04F79EFBC}") = "LineComparison", "LineComparison.csproj", "{3984BF89-F253-4B57-8626-F0196D60D56E}"
EndProject
Global
	GlobalSection(SolutionConfigurationPlatforms) = preSolution
		Debug|Any CPU = Debug|Any CPU
		Release|Any CPU = Release|Any CPU
	EndGlobalSection
	GlobalSection(ProjectConfigurationPlatforms) = postSolution
		{3984BF89-F253-4B57-8626-F0196D60D56E}.Debug|Any CPU.ActiveCfg = Debug|Any CPU
		{3984BF89-F253-4B57-8626-F0196D60D56E}.Debug|Any CPU.Build.0 = Debug|Any CPU
		{3984BF89-F253-4B57-8626-F0196D60D56E}.Release|Any CPU.ActiveCfg = Release|Any CPU
		{3984BF89-F253-4B57-8626-F0196D60D56E}.Release|Any CPU.Build.0 = Release|Any CPU
	EndGlobalSection
	GlobalSection(SolutionProperties) = preSolution
		HideSolutionNode = FALSE
	EndGlobalSection
	GlobalSection(ExtensibilityGlobals) = postSolution
		SolutionGuid = {553F1BB4-3D6F-4FED-BABE-3528128B9A56}
	EndGlobalSection
EndGlobal
